# This file is automatically @generated by Cargo.
# It is not intended for manual editing.
version = 4

[[package]]
name = "autocfg"
version = "1.5.1"
source = "registry+https://github.com/rust-lang/crates.io-index"
checksum = "f2032f911046de80f0a198e0901378627c33f59ea0ac00e363d481118bd70a53"

[[package]]
name = "base16ct"
version = "1.0.0"
source = "registry+https://github.com/rust-lang/crates.io-index"
checksum = "fd307490d624467aa6f74b0eabb77633d1f758a7b25f12bceb0b22e08d9726f6"

[[package]]
name = "block-buffer"
version = "0.12.1"
source = "registry+https://github.com/rust-lang/crates.io-index"
checksum = "d2f6c7dbe95a6ed67ad9f18e57daf93a2f034c524b99fd2b76d18fdfeb6660aa"
dependencies = [
 "hybrid-array",
]

[[package]]
name = "bytes"
version = "1.12.0"
source = "registry+https://github.com/rust-lang/crates.io-index"
checksum = "8ae3f5d315924270530207e2a68396c3cc547f6dca3fbdca317cfb1a51edb593"

[[package]]
name = "cfg-if"
version = "1.0.4"
source = "registry+https://github.com/rust-lang/crates.io-index"
checksum = "9330f8b2ff13f34540b44e946ef35111825727b38d33286ef986142615121801"

[[package]]
name = "cmov"
version = "0.5.4"
source = "registry+https://github.com/rust-lang/crates.io-index"
checksum = "0c9ea0ac24bc397ab3c98583a3c9ba74fa56b09a4449bbe172b9b1ddb016027a"

[[package]]
name = "const-oid"
version = "0.10.2"
source = "registry+https://github.com/rust-lang/crates.io-index"
checksum = "a6ef517f0926dd24a1582492c791b6a4818a4d94e789a334894aa15b0d12f55c"

[[package]]
name = "cpubits"
version = "0.1.1"
source = "registry+https://github.com/rust-lang/crates.io-index"
checksum = "15b85f9c39137c3a891689859392b1bd49812121d0d61c9caf00d46ed5ce06ae"

[[package]]
name = "cpufeatures"
version = "0.3.0"
source = "registry+https://github.com/rust-lang/crates.io-index"
checksum = "8b2a41393f66f16b0823bb79094d54ac5fbd34ab292ddafb9a0456ac9f87d201"
dependencies = [
 "libc",
]

[[package]]
name = "crypto-bigint"
version = "0.7.5"
source = "registry+https://github.com/rust-lang/crates.io-index"
checksum = "1a52aa3fcda4e6302a9f48734f234d35d4721b96f8fe07d073f07ce9df4f0271"
dependencies = [
 "cpubits",
 "ctutils",
 "hybrid-array",
 "num-traits",
 "rand_core",
 "subtle",
 "zeroize",
]

[[package]]
name = "crypto-common"
version = "0.2.2"
source = "registry+https://github.com/rust-lang/crates.io-index"
checksum = "ce6e4c961d6cd6c9a86db418387425e8bdeaf05b3c8bc1411e6dca4c252f1453"
dependencies = [
 "hybrid-array",
 "rand_core",
]

[[package]]
name = "ctutils"
version = "0.4.2"
source = "registry+https://github.com/rust-lang/crates.io-index"
checksum = "7d5515a3834141de9eafb9717ad39eea8247b5674e6066c404e8c4b365d2a29e"
dependencies = [
 "cmov",
 "subtle",
]

[[package]]
name = "der"
version = "0.8.0"
source = "registry+https://github.com/rust-lang/crates.io-index"
checksum = "71fd89660b2dc699704064e59e9dba0147b903e85319429e131620d022be411b"
dependencies = [
 "const-oid",
 "zeroize",
]

[[package]]
name = "digest"
version = "0.11.3"
source = "registry+https://github.com/rust-lang/crates.io-index"
checksum = "f1dd6dbb5841937940781866fa1281a1ff7bd3bf827091440879f9994983d5c2"
dependencies = [
 "block-buffer",
 "const-oid",
 "crypto-common",
 "ctutils",
]

[[package]]
name = "ecdsa"
version = "0.17.0-rc.23"
source = "registry+https://github.com/rust-lang/crates.io-index"
checksum = "dfa0176db12735e38bffeaa3c19ba4470216007496b2088632369bcee6eb5069"
dependencies = [
 "der",
 "digest",
 "elliptic-curve",
 "rfc6979",
 "signature",
 "zeroize",
]

[[package]]
name = "elliptic-curve"
version = "0.14.1"
source = "registry+https://github.com/rust-lang/crates.io-index"
checksum = "9d65aa39b3a5c1c9c1b745c9a019234bb7a21b77abcb4f4d266d706e2d577d65"
dependencies = [
 "base16ct",
 "crypto-bigint",
 "crypto-common",
 "digest",
 "ff",
 "group",
 "hybrid-array",
 "rand_core",
 "sec1",
 "subtle",
 "zeroize",
]

[[package]]
name = "ff"
version = "0.14.0"
source = "registry+https://github.com/rust-lang/crates.io-index"
checksum = "a1f686ab92a9fb0eaf188f6c6c87b89490baa6fdb0db4544ba4dc47f7942489f"
dependencies = [
 "rand_core",
 "subtle",
]

[[package]]
name = "group"
version = "0.14.0"
source = "registry+https://github.com/rust-lang/crates.io-index"
checksum = "7fd1a1c7a5206c5b7a3f5a0d7ccd3ff85d0c8f5133d62a02680255b0004af5f4"
dependencies = [
 "ff",
 "rand_core",
 "subtle",
]

[[package]]
name = "hmac"
version = "0.13.0"
source = "registry+https://github.com/rust-lang/crates.io-index"
checksum = "6303bc9732ae41b04cb554b844a762b4115a61bfaa81e3e83050991eeb56863f"
dependencies = [
 "digest",
]

[[package]]
name = "hybrid-array"
version = "0.4.13"
source = "registry+https://github.com/rust-lang/crates.io-index"
checksum = "818356c5132c1fede50f837ca96afbe78ff42413047f4abb886217845e1b6c8c"
dependencies = [
 "subtle",
 "typenum",
 "zeroize",
]

[[package]]
name = "k256"
version = "0.14.0-rc.15"
source = "registry+https://github.com/rust-lang/crates.io-index"
checksum = "78ce7f1aa9a24c53c6572d8017c8c1ceb5d44c6071ff68c9912860fa4d262101"
dependencies = [
 "cpubits",
 "ecdsa",
 "elliptic-curve",
 "primeorder",
 "sha2",
 "wnaf",
]

[[package]]
name = "keccak"
version = "0.2.0"
source = "registry+https://github.com/rust-lang/crates.io-index"
checksum = "9e24a010dd405bd7ed803e5253182815b41bf2e6a80cc3bfc066658e03a198aa"
dependencies = [
 "cfg-if",
 "cpufeatures",
]

[[package]]
name = "libc"
version = "0.2.186"
source = "registry+https://github.com/rust-lang/crates.io-index"
checksum = "68ab91017fe16c622486840e4c83c9a37afeff978bd239b5293d61ece587de66"

[[package]]
name = "num-traits"
version = "0.2.19"
source = "registry+https://github.com/rust-lang/crates.io-index"
checksum = "071dfc062690e90b734c0b2273ce72ad0ffa95f0c74596bc250dcfd960262841"
dependencies = [
 "autocfg",
]

[[package]]
name = "primefield"
version = "0.14.0"
source = "registry+https://github.com/rust-lang/crates.io-index"
checksum = "c555a6e4eb7d4e158fcb028c835c3b8642206ddc279b5c6b202ef9a8bdb592f4"
dependencies = [
 "crypto-bigint",
 "crypto-common",
 "ff",
 "rand_core",
 "subtle",
 "zeroize",
]

[[package]]
name = "primeorder"
version = "0.14.0-rc.15"
source = "registry+https://github.com/rust-lang/crates.io-index"
checksum = "478aa2e499c7164b21b4c5e8610018e5b83a284da5f9e0896907dd4749cd76c9"
dependencies = [
 "elliptic-curve",
 "primefield",
 "wnaf",
]

[[package]]
name = "rand_core"
version = "0.10.1"
source = "registry+https://github.com/rust-lang/crates.io-index"
checksum = "63b8176103e19a2643978565ca18b50549f6101881c443590420e4dc998a3c69"

[[package]]
name = "rfc6979"
version = "0.6.0"
source = "registry+https://github.com/rust-lang/crates.io-index"
checksum = "b4a459cddafb3fe76b31fd8f1108007566c40301feb64dc7b54656eb7388172b"
dependencies = [
 "crypto-bigint",
 "hmac",
]

[[package]]
name = "rlp"
version = "0.6.1"
source = "registry+https://github.com/rust-lang/crates.io-index"
checksum = "fa24e92bb2a83198bb76d661a71df9f7076b8c420b8696e4d3d97d50d94479e3"
dependencies = [
 "bytes",
 "rustc-hex",
]

[[package]]
name = "rustc-hex"
version = "2.1.0"
source = "registry+https://github.com/rust-lang/crates.io-index"
checksum = "3e75f6a532d0fd9f7f13144f392b6ad56a32696bfcd9c78f797f16bbb6f072d6"

[[package]]
name = "sec1"
version = "0.8.1"
source = "registry+https://github.com/rust-lang/crates.io-index"
checksum = "d56d437c2f19203ce5f7122e507831de96f3d2d4d3be5af44a0b0a09d8a80e4d"
dependencies = [
 "base16ct",
 "ctutils",
 "der",
 "hybrid-array",
 "subtle",
 "zeroize",
]

[[package]]
name = "sha2"
version = "0.11.0"
source = "registry+https://github.com/rust-lang/crates.io-index"
checksum = "446ba717509524cb3f22f17ecc096f10f4822d76ab5c0b9822c5f9c284e825f4"
dependencies = [
 "cfg-if",
 "cpufeatures",
 "digest",
]

[[package]]
name = "sha3"
version = "0.12.0"
source = "registry+https://github.com/rust-lang/crates.io-index"
checksum = "bc9bad02c26382724b2d2692c6f179285e4b54eeecd7968f52a50059c3c11759"
dependencies = [
 "digest",
 "keccak",
 "sponge-cursor",
]

[[package]]
name = "signature"
version = "3.0.0"
source = "registry+https://github.com/rust-lang/crates.io-index"
checksum = "28d567dcbaf0049cb8ac2608a76cd95ff9e4412e1899d389ee400918ca7537f5"
dependencies = [
 "digest",
 "rand_core",
]

[[package]]
name = "signer"
version = "0.1.0"
dependencies = [
 "k256",
 "rlp",
 "sha3",
]

[[package]]
name = "sponge-cursor"
version = "0.1.0"
source = "registry+https://github.com/rust-lang/crates.io-index"
checksum = "3a0219bd7d979d58245a4f41f695e1ac9f8befdffadd7f61f1bae9e39abc6620"

[[package]]
name = "subtle"
version = "2.6.1"
source = "registry+https://github.com/rust-lang/crates.io-index"
checksum = "13c2bddecc57b384dee18652358fb23172facb8a2c51ccc10d74c157bdea3292"

[[package]]
name = "typenum"
version = "1.20.1"
source = "registry+https://github.com/rust-lang/crates.io-index"
checksum = "b6f5e870be6c3b371b77fe0ee0bafb859fa4964b4404c27de1d380043c4dda20"

[[package]]
name = "wnaf"
version = "0.14.0-rc.2"
source = "registry+https://github.com/rust-lang/crates.io-index"
checksum = "dbfae175ab8f55e3c604de329bf66f628274c2cda893923670a73ebd1958ead2"
dependencies = [
 "ff",
 "group",
 "hybrid-array",
]

[[package]]
name = "zeroize"
version = "1.9.0"
source = "registry+https://github.com/rust-lang/crates.io-index"
checksum = "e13c156562582aa81c60cb29407084cdb54c4164760106ab78e6c5b0858cf64e"
